
Microsoft Visual Studio Solution File, Format Version 12.00
# Visual Studio Version 16
VisualStudioVersion = 16.0.30225.117
MinimumVisualStudioVersion = 10.0.40219.1
Project("{FAE04EC0-301F-11D3-BF4B-00C04F79EFBC}") = "ADOConnection", "FactoryConnection\ADOConnection.csproj", "{6633EFE5-63B2-4F71-85E0-562C7CE14DB4}"
EndProject
Project("{FAE04EC0-301F-11D3-BF4B-00C04F79EFBC}") = "ExcuteService", "ExcuteService\ExcuteService.csproj", "{09F0AE58-C369-4F1E-A92F-E51902CA61AF}"
EndProject
Project("{FAE04EC0-301F-11D3-BF4B-00C04F79EFBC}") = "Presentation", "Presentation\Presentation.csproj", "{2C67C82F-D89C-4E0C-8031-C4330C62CFC8}"
EndProject
Project("{FAE04EC0-301F-11D3-BF4B-00C04F79EFBC}") = "CacheOrSearchEngine", "CacheOrSearchEngine\CacheOrSearchEngine.csproj", "{FCA437F4-D170-408E-A91B-1E543094249C}"
EndProject
Project("{FAE04EC0-301F-11D3-BF4B-00C04F79EFBC}") = "BaseObject", "BaseObject\BaseObject.csproj", "{D794D5C0-8F22-4361-95B6-130638E85324}"
EndProject
Project("{FAE04EC0-301F-11D3-BF4B-00C04F79EFBC}") = "EFConnection", "EFConnection\EFConnection.csproj", "{6F769657-AE67-4212-84A7-432B09262A42}"
EndProject
Project("{FAE04EC0-301F-11D3-BF4B-00C04F79EFBC}") = "DatabaseContext", "ModelDbContext\DatabaseContext.csproj", "{6822F274-9376-4A7A-B9A6-EDF022D49790}"
EndProject
Project("{FAE04EC0-301F-11D3-BF4B-00C04F79EFBC}") = "Test", "Test\Test.csproj", "{BEC42320-1F8D-4B5D-8CA7-5526B08B3F95}"
EndProject
Global
	GlobalSection(SolutionConfigurationPlatforms) = preSolution
		Debug|Any CPU = Debug|Any CPU
		Release|Any CPU = Release|Any CPU
	EndGlobalSection
	GlobalSection(ProjectConfigurationPlatforms) = postSolution
		{6633EFE5-63B2-4F71-85E0-562C7CE14DB4}.Debug|Any CPU.ActiveCfg = Debug|Any CPU
		{6633EFE5-63B2-4F71-85E0-562C7CE14DB4}.Debug|Any CPU.Build.0 = Debug|Any CPU
		{6633EFE5-63B2-4F71-85E0-562C7CE14DB4}.Release|Any CPU.ActiveCfg = Release|Any CPU
		{6633EFE5-63B2-4F71-85E0-562C7CE14DB4}.Release|Any CPU.Build.0 = Release|Any CPU
		{09F0AE58-C369-4F1E-A92F-E51902CA61AF}.Debug|Any CPU.ActiveCfg = Debug|Any CPU
		{09F0AE58-C369-4F1E-A92F-E51902CA61AF}.Debug|Any CPU.Build.0 = Debug|Any CPU
		{09F0AE58-C369-4F1E-A92F-E51902CA61AF}.Release|Any CPU.ActiveCfg = Release|Any CPU
		{09F0AE58-C369-4F1E-A92F-E51902CA61AF}.Release|Any CPU.Build.0 = Release|Any CPU
		{2C67C82F-D89C-4E0C-8031-C4330C62CFC8}.Debug|Any CPU.ActiveCfg = Debug|Any CPU
		{2C67C82F-D89C-4E0C-8031-C4330C62CFC8}.Debug|Any CPU.Build.0 = Debug|Any CPU
		{2C67C82F-D89C-4E0C-8031-C4330C62CFC8}.Release|Any CPU.ActiveCfg = Release|Any CPU
		{2C67C82F-D89C-4E0C-8031-C4330C62CFC8}.Release|Any CPU.Build.0 = Release|Any CPU
		{FCA437F4-D170-408E-A91B-1E543094249C}.Debug|Any CPU.ActiveCfg = Debug|Any CPU
		{FCA437F4-D170-408E-A91B-1E543094249C}.Debug|Any CPU.Build.0 = Debug|Any CPU
		{FCA437F4-D170-408E-A91B-1E543094249C}.Release|Any CPU.ActiveCfg = Release|Any CPU
		{FCA437F4-D170-408E-A91B-1E543094249C}.Release|Any CPU.Build.0 = Release|Any CPU
		{D794D5C0-8F22-4361-95B6-130638E85324}.Debug|Any CPU.ActiveCfg = Debug|Any CPU
		{D794D5C0-8F22-4361-95B6-130638E85324}.Debug|Any CPU.Build.0 = Debug|Any CPU
		{D794D5C0-8F22-4361-95B6-130638E85324}.Release|Any CPU.ActiveCfg = Release|Any CPU
		{D794D5C0-8F22-4361-95B6-130638E85324}.Release|Any CPU.Build.0 = Release|Any CPU
		{6F769657-AE67-4212-84A7-432B09262A42}.Debug|Any CPU.ActiveCfg = Debug|Any CPU
		{6F769657-AE67-4212-84A7-432B09262A42}.Debug|Any CPU.Build.0 = Debug|Any CPU
		{6F769657-AE67-4212-84A7-432B09262A42}.Release|Any CPU.ActiveCfg = Release|Any CPU
		{6F769657-AE67-4212-84A7-432B09262A42}.Release|Any CPU.Build.0 = Release|Any CPU
		{6822F274-9376-4A7A-B9A6-EDF022D49790}.Debug|Any CPU.ActiveCfg = Debug|Any CPU
		{6822F274-9376-4A7A-B9A6-EDF022D49790}.Debug|Any CPU.Build.0 = Debug|Any CPU
		{6822F274-9376-4A7A-B9A6-EDF022D49790}.Release|Any CPU.ActiveCfg = Release|Any CPU
		{6822F274-9376-4A7A-B9A6-EDF022D49790}.Release|Any CPU.Build.0 = Release|Any CPU
		{BEC42320-1F8D-4B5D-8CA7-5526B08B3F95}.Debug|Any CPU.ActiveCfg = Debug|Any CPU
		{BEC42320-1F8D-4B5D-8CA7-5526B08B3F95}.Debug|Any CPU.Build.0 = Debug|Any CPU
		{BEC42320-1F8D-4B5D-8CA7-5526B08B3F95}.Release|Any CPU.ActiveCfg = Release|Any CPU
		{BEC42320-1F8D-4B5D-8CA7-5526B08B3F95}.Release|Any CPU.Build.0 = Release|Any CPU
	EndGlobalSection
	GlobalSection(SolutionProperties) = preSolution
		HideSolutionNode = FALSE
	EndGlobalSection
	GlobalSection(ExtensibilityGlobals) = postSolution
		SolutionGuid = {77595AC9-9D79-46CB-BFE8-2A96D96A4441}
	EndGlobalSection
EndGlobal
